
Microsoft Visual Studio Solution File, Format Version 12.00
# Visual Studio Version 17
VisualStudioVersion = 17.3.32929.385
MinimumVisualStudioVersion = 10.0.40219.1
Project("{FAE04EC0-301F-11D3-BF4B-00C04F79EFBC}") = "Game_Console", "Game_Console\Game_Console.csproj", "{C490171D-AA85-4709-9A9C-3C185582F4CF}"
EndProject
Project("{FAE04EC0-301F-11D3-BF4B-00C04F79EFBC}") = "Game", "Game\Game.csproj", "{0B4AE705-682E-4492-B46A-023EB071076C}"
EndProject
Global
	GlobalSection(SolutionConfigurationPlatforms) = preSolution
		Debug|Any CPU = Debug|Any CPU
		Release|Any CPU = Release|Any CPU
	EndGlobalSection
	GlobalSection(ProjectConfigurationPlatforms) = postSolution
		{C490171D-AA85-4709-9A9C-3C185582F4CF}.Debug|Any CPU.ActiveCfg = Debug|Any CPU
		{C490171D-AA85-4709-9A9C-3C185582F4CF}.Debug|Any CPU.Build.0 = Debug|Any CPU
		{C490171D-AA85-4709-9A9C-3C185582F4CF}.Release|Any CPU.ActiveCfg = Release|Any CPU
		{C490171D-AA85-4709-9A9C-3C185582F4CF}.Release|Any CPU.Build.0 = Release|Any CPU
		{0B4AE705-682E-4492-B46A-023EB071076C}.Debug|Any CPU.ActiveCfg = Debug|Any CPU
		{0B4AE705-682E-4492-B46A-023EB071076C}.Debug|Any CPU.Build.0 = Debug|Any CPU
		{0B4AE705-682E-4492-B46A-023EB071076C}.Release|Any CPU.ActiveCfg = Release|Any CPU
		{0B4AE705-682E-4492-B46A-023EB071076C}.Release|Any CPU.Build.0 = Release|Any CPU
	EndGlobalSection
	GlobalSection(SolutionProperties) = preSolution
		HideSolutionNode = FALSE
	EndGlobalSection
	GlobalSection(ExtensibilityGlobals) = postSolution
		SolutionGuid = {3E62D3C5-6074-4BBA-BC01-AF898B713256}
	EndGlobalSection
EndGlobal
